{
  "name": "flatlands",
  "lockfileVersion": 3,
  "requires": true,
  "packages": {
    "": {
      "name": "flatlands",
      "devDependencies": {
        "better-typescript": "^0.0.7",
        "new-javascript": "^0.2.4"
      }
    },
    "node_modules/better-typescript": {
      "version": "0.0.7",
      "resolved": "https://registry.npmjs.org/better-typescript/-/better-typescript-0.0.7.tgz",
      "integrity": "sha512-W+ERLAb0i+Hqya5wQWKHwP85876Grp9FEplYLpgP5OxrihKBjWooDy+Mnjzpiu+/KVqvjewyGLzQ5SZE1qWZzw==",
      "dev": true,
      "dependencies": {
        "new-javascript": ">=0.2.4"
      }
    },
    "node_modules/new-javascript": {
      "version": "0.2.4",
      "resolved": "https://registry.npmjs.org/new-javascript/-/new-javascript-0.2.4.tgz",
      "integrity": "sha512-Ib/RM1Irwy6eGuH1dxLFxLL0htWFlf2G6NP3FPzSK/51c9WWltUgZZ7XQcPb5DnUjdzu/iyS6k+uE6fTjeXOEQ==",
      "dev": true
    }
  }
}
